{
  "lockfileVersion": 1,
  "workspaces": {
    "": {
      "dependencies": {
        "openai": "^5.18.1",
      },
    },
  },
  "packages": {
    "openai": ["openai@5.18.1", "", { "peerDependencies": { "ws": "^8.18.0", "zod": "^3.23.8" }, "optionalPeers": ["ws", "zod"], "bin": { "openai": "bin/cli" } }, "sha512-iXSOfLlOL+jgnFr5CGrB2SEZw5C92o1nrFW2SasoAXj4QxGhfeJPgg8zkX+vaCfX80cT6CWjgaGnq7z9XzbyRw=="],
  }
}
